
Microsoft Visual Studio Solution File, Format Version 12.00
# Visual Studio Version 17
VisualStudioVersion = 17.5.33627.172
MinimumVisualStudioVersion = 10.0.40219.1
Project("{FAE04EC0-301F-11D3-BF4B-00C04F79EFBC}") = "otdelkadrov", "otdelkadrov.csproj", "{17D0E03B-6DE0-4FA0-9A4C-720991557253}"
EndProject
Global
	GlobalSection(SolutionConfigurationPlatforms) = preSolution
		Debug|Any CPU = Debug|Any CPU
		Release|Any CPU = Release|Any CPU
	EndGlobalSection
	GlobalSection(ProjectConfigurationPlatforms) = postSolution
		{17D0E03B-6DE0-4FA0-9A4C-720991557253}.Debug|Any CPU.ActiveCfg = Debug|Any CPU
		{17D0E03B-6DE0-4FA0-9A4C-720991557253}.Debug|Any CPU.Build.0 = Debug|Any CPU
		{17D0E03B-6DE0-4FA0-9A4C-720991557253}.Release|Any CPU.ActiveCfg = Release|Any CPU
		{17D0E03B-6DE0-4FA0-9A4C-720991557253}.Release|Any CPU.Build.0 = Release|Any CPU
	EndGlobalSection
	GlobalSection(SolutionProperties) = preSolution
		HideSolutionNode = FALSE
	EndGlobalSection
	GlobalSection(ExtensibilityGlobals) = postSolution
		SolutionGuid = {9EE69B27-E30B-4D80-BD49-EB685497CDE5}
	EndGlobalSection
EndGlobal
